
Microsoft Visual Studio Solution File, Format Version 12.00
# Visual Studio Version 17
VisualStudioVersion = 17.0.32014.148
MinimumVisualStudioVersion = 10.0.40219.1
Project("{9A19103F-16F7-4668-BE54-9A1E7A4F7556}") = "TodoApiPractise", "TodoApiPractise\TodoApiPractise.csproj", "{04DE281F-0876-4E96-8ABC-600753C764ED}"
EndProject
Project("{FAE04EC0-301F-11D3-BF4B-00C04F79EFBC}") = "TodoApi.Tests", "TodoApi.Tests\TodoApi.Tests.csproj", "{77A0C9CF-55A4-48F4-8503-F81F38BA83A9}"
EndProject
Global
	GlobalSection(SolutionConfigurationPlatforms) = preSolution
		Debug|Any CPU = Debug|Any CPU
		Release|Any CPU = Release|Any CPU
	EndGlobalSection
	GlobalSection(ProjectConfigurationPlatforms) = postSolution
		{04DE281F-0876-4E96-8ABC-600753C764ED}.Debug|Any CPU.ActiveCfg = Debug|Any CPU
		{04DE281F-0876-4E96-8ABC-600753C764ED}.Debug|Any CPU.Build.0 = Debug|Any CPU
		{04DE281F-0876-4E96-8ABC-600753C764ED}.Release|Any CPU.ActiveCfg = Release|Any CPU
		{04DE281F-0876-4E96-8ABC-600753C764ED}.Release|Any CPU.Build.0 = Release|Any CPU
		{77A0C9CF-55A4-48F4-8503-F81F38BA83A9}.Debug|Any CPU.ActiveCfg = Debug|Any CPU
		{77A0C9CF-55A4-48F4-8503-F81F38BA83A9}.Debug|Any CPU.Build.0 = Debug|Any CPU
		{77A0C9CF-55A4-48F4-8503-F81F38BA83A9}.Release|Any CPU.ActiveCfg = Release|Any CPU
		{77A0C9CF-55A4-48F4-8503-F81F38BA83A9}.Release|Any CPU.Build.0 = Release|Any CPU
	EndGlobalSection
	GlobalSection(SolutionProperties) = preSolution
		HideSolutionNode = FALSE
	EndGlobalSection
	GlobalSection(ExtensibilityGlobals) = postSolution
		SolutionGuid = {670B3B0D-797D-4DCE-A485-95F060B84368}
	EndGlobalSection
EndGlobal
